
Microsoft Visual Studio Solution File, Format Version 12.00
# Visual Studio Version 17
VisualStudioVersion = 17.0.31903.59
MinimumVisualStudioVersion = 10.0.40219.1
Project("{FAE04EC0-301F-11D3-BF4B-00C04F79EFBC}") = "API.Gateway", "src\API.Gateway\API.Gateway.csproj", "{A1B2C3D4-E5F6-7890-ABCD-EF1234567890}"
EndProject
Project("{FAE04EC0-301F-11D3-BF4B-00C04F79EFBC}") = "StudentApp", "src\StudentApp\StudentApp.csproj", "{CE774069-EE02-342E-A5E4-0A192EE4A2DD}"
EndProject
Project("{FAE04EC0-301F-11D3-BF4B-00C04F79EFBC}") = "ProviderApp", "src\ProviderApp\ProviderApp.csproj", "{8C918D53-85F1-1726-A879-C6F01B535F94}"
EndProject
Project("{FAE04EC0-301F-11D3-BF4B-00C04F79EFBC}") = "OrganizationApp", "src\OrganizationApp\OrganizationApp.csproj", "{7970BE28-6EB3-A4E4-850E-963E67CA14C9}"
EndProject
Project("{FAE04EC0-301F-11D3-BF4B-00C04F79EFBC}") = "Transport.Shared", "src\Shared\Transport.Shared.csproj", "{A86916D6-384D-BAA5-26C5-09888CE26B3E}"
EndProject
Project("{FAE04EC0-301F-11D3-BF4B-00C04F79EFBC}") = "PlatformManager", "platform-manager\PlatformManager\PlatformManager.csproj", "{4EBDE37E-AA61-C277-1208-79FADFB21D5C}"
EndProject
Project("{FAE04EC0-301F-11D3-BF4B-00C04F79EFBC}") = "PlatformManager.API", "platform-manager\PlatformManager.API\PlatformManager.API.csproj", "{BD1E18EE-D2B9-D8DC-613C-4A8339E33963}"
EndProject
Project("{2150E333-8FDC-42A3-9474-1A3956D46DE8}") = "src", "src", "{827E0CD3-B72D-47B6-A68D-7590B98EB39B}"
EndProject
Project("{2150E333-8FDC-42A3-9474-1A3956D46DE8}") = "Services", "Services", "{984BB9B3-3FA3-BE33-9484-CAC21695A33C}"
EndProject
Project("{FAE04EC0-301F-11D3-BF4B-00C04F79EFBC}") = "AuthService", "src\Services\AuthService\AuthService.csproj", "{4FA090DA-084D-43F1-A1BB-A6A6BFAADF74}"
EndProject
Project("{FAE04EC0-301F-11D3-BF4B-00C04F79EFBC}") = "NotificationService", "src\Services\NotificationService\NotificationService.csproj", "{A235FEB1-3231-4450-8774-F8D87CFE6B59}"
EndProject
Project("{FAE04EC0-301F-11D3-BF4B-00C04F79EFBC}") = "PaymentService", "src\Services\PaymentService\PaymentService.csproj", "{76F49662-F11F-46A8-BDD5-374D55227EB2}"
EndProject
Global
	GlobalSection(SolutionConfigurationPlatforms) = preSolution
		Debug|Any CPU = Debug|Any CPU
		Debug|x64 = Debug|x64
		Debug|x86 = Debug|x86
		Release|Any CPU = Release|Any CPU
		Release|x64 = Release|x64
		Release|x86 = Release|x86
	EndGlobalSection
	GlobalSection(ProjectConfigurationPlatforms) = postSolution
		{A1B2C3D4-E5F6-7890-ABCD-EF1234567890}.Debug|Any CPU.ActiveCfg = Debug|Any CPU
		{A1B2C3D4-E5F6-7890-ABCD-EF1234567890}.Debug|Any CPU.Build.0 = Debug|Any CPU
		{A1B2C3D4-E5F6-7890-ABCD-EF1234567890}.Debug|x64.ActiveCfg = Debug|Any CPU
		{A1B2C3D4-E5F6-7890-ABCD-EF1234567890}.Debug|x64.Build.0 = Debug|Any CPU
		{A1B2C3D4-E5F6-7890-ABCD-EF1234567890}.Debug|x86.ActiveCfg = Debug|Any CPU
		{A1B2C3D4-E5F6-7890-ABCD-EF1234567890}.Debug|x86.Build.0 = Debug|Any CPU
		{A1B2C3D4-E5F6-7890-ABCD-EF1234567890}.Release|Any CPU.ActiveCfg = Release|Any CPU
		{A1B2C3D4-E5F6-7890-ABCD-EF1234567890}.Release|Any CPU.Build.0 = Release|Any CPU
		{A1B2C3D4-E5F6-7890-ABCD-EF1234567890}.Release|x64.ActiveCfg = Release|Any CPU
		{A1B2C3D4-E5F6-7890-ABCD-EF1234567890}.Release|x64.Build.0 = Release|Any CPU
		{A1B2C3D4-E5F6-7890-ABCD-EF1234567890}.Release|x86.ActiveCfg = Release|Any CPU
		{A1B2C3D4-E5F6-7890-ABCD-EF1234567890}.Release|x86.Build.0 = Release|Any CPU
		{CE774069-EE02-342E-A5E4-0A192EE4A2DD}.Debug|x64.ActiveCfg = Debug|Any CPU
		{CE774069-EE02-342E-A5E4-0A192EE4A2DD}.Debug|x64.Build.0 = Debug|Any CPU
		{CE774069-EE02-342E-A5E4-0A192EE4A2DD}.Debug|x86.ActiveCfg = Debug|Any CPU
		{CE774069-EE02-342E-A5E4-0A192EE4A2DD}.Debug|x86.Build.0 = Debug|Any CPU
		{CE774069-EE02-342E-A5E4-0A192EE4A2DD}.Release|x64.ActiveCfg = Release|Any CPU
		{CE774069-EE02-342E-A5E4-0A192EE4A2DD}.Release|x64.Build.0 = Release|Any CPU
		{CE774069-EE02-342E-A5E4-0A192EE4A2DD}.Release|x86.ActiveCfg = Release|Any CPU
		{CE774069-EE02-342E-A5E4-0A192EE4A2DD}.Release|x86.Build.0 = Release|Any CPU
		{8C918D53-85F1-1726-A879-C6F01B535F94}.Debug|x64.ActiveCfg = Debug|Any CPU
		{8C918D53-85F1-1726-A879-C6F01B535F94}.Debug|x64.Build.0 = Debug|Any CPU
		{8C918D53-85F1-1726-A879-C6F01B535F94}.Debug|x86.ActiveCfg = Debug|Any CPU
		{8C918D53-85F1-1726-A879-C6F01B535F94}.Debug|x86.Build.0 = Debug|Any CPU
		{8C918D53-85F1-1726-A879-C6F01B535F94}.Release|x64.ActiveCfg = Release|Any CPU
		{8C918D53-85F1-1726-A879-C6F01B535F94}.Release|x64.Build.0 = Release|Any CPU
		{8C918D53-85F1-1726-A879-C6F01B535F94}.Release|x86.ActiveCfg = Release|Any CPU
		{8C918D53-85F1-1726-A879-C6F01B535F94}.Release|x86.Build.0 = Release|Any CPU
		{7970BE28-6EB3-A4E4-850E-963E67CA14C9}.Debug|x64.ActiveCfg = Debug|Any CPU
		{7970BE28-6EB3-A4E4-850E-963E67CA14C9}.Debug|x64.Build.0 = Debug|Any CPU
		{7970BE28-6EB3-A4E4-850E-963E67CA14C9}.Debug|x86.ActiveCfg = Debug|Any CPU
		{7970BE28-6EB3-A4E4-850E-963E67CA14C9}.Debug|x86.Build.0 = Debug|Any CPU
		{7970BE28-6EB3-A4E4-850E-963E67CA14C9}.Release|x64.ActiveCfg = Release|Any CPU
		{7970BE28-6EB3-A4E4-850E-963E67CA14C9}.Release|x64.Build.0 = Release|Any CPU
		{7970BE28-6EB3-A4E4-850E-963E67CA14C9}.Release|x86.ActiveCfg = Release|Any CPU
		{7970BE28-6EB3-A4E4-850E-963E67CA14C9}.Release|x86.Build.0 = Release|Any CPU
		{A86916D6-384D-BAA5-26C5-09888CE26B3E}.Debug|x64.ActiveCfg = Debug|Any CPU
		{A86916D6-384D-BAA5-26C5-09888CE26B3E}.Debug|x64.Build.0 = Debug|Any CPU
		{A86916D6-384D-BAA5-26C5-09888CE26B3E}.Debug|x86.ActiveCfg = Debug|Any CPU
		{A86916D6-384D-BAA5-26C5-09888CE26B3E}.Debug|x86.Build.0 = Debug|Any CPU
		{A86916D6-384D-BAA5-26C5-09888CE26B3E}.Release|x64.ActiveCfg = Release|Any CPU
		{A86916D6-384D-BAA5-26C5-09888CE26B3E}.Release|x64.Build.0 = Release|Any CPU
		{A86916D6-384D-BAA5-26C5-09888CE26B3E}.Release|x86.ActiveCfg = Release|Any CPU
		{A86916D6-384D-BAA5-26C5-09888CE26B3E}.Release|x86.Build.0 = Release|Any CPU
		{4EBDE37E-AA61-C277-1208-79FADFB21D5C}.Debug|x64.ActiveCfg = Debug|Any CPU
		{4EBDE37E-AA61-C277-1208-79FADFB21D5C}.Debug|x64.Build.0 = Debug|Any CPU
		{4EBDE37E-AA61-C277-1208-79FADFB21D5C}.Debug|x86.ActiveCfg = Debug|Any CPU
		{4EBDE37E-AA61-C277-1208-79FADFB21D5C}.Debug|x86.Build.0 = Debug|Any CPU
		{4EBDE37E-AA61-C277-1208-79FADFB21D5C}.Release|x64.ActiveCfg = Release|Any CPU
		{4EBDE37E-AA61-C277-1208-79FADFB21D5C}.Release|x64.Build.0 = Release|Any CPU
		{4EBDE37E-AA61-C277-1208-79FADFB21D5C}.Release|x86.ActiveCfg = Release|Any CPU
		{4EBDE37E-AA61-C277-1208-79FADFB21D5C}.Release|x86.Build.0 = Release|Any CPU
		{BD1E18EE-D2B9-D8DC-613C-4A8339E33963}.Debug|x64.ActiveCfg = Debug|Any CPU
		{BD1E18EE-D2B9-D8DC-613C-4A8339E33963}.Debug|x64.Build.0 = Debug|Any CPU
		{BD1E18EE-D2B9-D8DC-613C-4A8339E33963}.Debug|x86.ActiveCfg = Debug|Any CPU
		{BD1E18EE-D2B9-D8DC-613C-4A8339E33963}.Debug|x86.Build.0 = Debug|Any CPU
		{BD1E18EE-D2B9-D8DC-613C-4A8339E33963}.Release|x64.ActiveCfg = Release|Any CPU
		{BD1E18EE-D2B9-D8DC-613C-4A8339E33963}.Release|x64.Build.0 = Release|Any CPU
		{BD1E18EE-D2B9-D8DC-613C-4A8339E33963}.Release|x86.ActiveCfg = Release|Any CPU
		{BD1E18EE-D2B9-D8DC-613C-4A8339E33963}.Release|x86.Build.0 = Release|Any CPU
		{4FA090DA-084D-43F1-A1BB-A6A6BFAADF74}.Debug|Any CPU.ActiveCfg = Debug|Any CPU
		{4FA090DA-084D-43F1-A1BB-A6A6BFAADF74}.Debug|Any CPU.Build.0 = Debug|Any CPU
		{4FA090DA-084D-43F1-A1BB-A6A6BFAADF74}.Debug|x64.ActiveCfg = Debug|Any CPU
		{4FA090DA-084D-43F1-A1BB-A6A6BFAADF74}.Debug|x64.Build.0 = Debug|Any CPU
		{4FA090DA-084D-43F1-A1BB-A6A6BFAADF74}.Debug|x86.ActiveCfg = Debug|Any CPU
		{4FA090DA-084D-43F1-A1BB-A6A6BFAADF74}.Debug|x86.Build.0 = Debug|Any CPU
		{4FA090DA-084D-43F1-A1BB-A6A6BFAADF74}.Release|Any CPU.ActiveCfg = Release|Any CPU
		{4FA090DA-084D-43F1-A1BB-A6A6BFAADF74}.Release|Any CPU.Build.0 = Release|Any CPU
		{4FA090DA-084D-43F1-A1BB-A6A6BFAADF74}.Release|x64.ActiveCfg = Release|Any CPU
		{4FA090DA-084D-43F1-A1BB-A6A6BFAADF74}.Release|x64.Build.0 = Release|Any CPU
		{4FA090DA-084D-43F1-A1BB-A6A6BFAADF74}.Release|x86.ActiveCfg = Release|Any CPU
		{4FA090DA-084D-43F1-A1BB-A6A6BFAADF74}.Release|x86.Build.0 = Release|Any CPU
		{A235FEB1-3231-4450-8774-F8D87CFE6B59}.Debug|Any CPU.ActiveCfg = Debug|Any CPU
		{A235FEB1-3231-4450-8774-F8D87CFE6B59}.Debug|Any CPU.Build.0 = Debug|Any CPU
		{A235FEB1-3231-4450-8774-F8D87CFE6B59}.Debug|x64.ActiveCfg = Debug|Any CPU
		{A235FEB1-3231-4450-8774-F8D87CFE6B59}.Debug|x64.Build.0 = Debug|Any CPU
		{A235FEB1-3231-4450-8774-F8D87CFE6B59}.Debug|x86.ActiveCfg = Debug|Any CPU
		{A235FEB1-3231-4450-8774-F8D87CFE6B59}.Debug|x86.Build.0 = Debug|Any CPU
		{A235FEB1-3231-4450-8774-F8D87CFE6B59}.Release|Any CPU.ActiveCfg = Release|Any CPU
		{A235FEB1-3231-4450-8774-F8D87CFE6B59}.Release|Any CPU.Build.0 = Release|Any CPU
		{A235FEB1-3231-4450-8774-F8D87CFE6B59}.Release|x64.ActiveCfg = Release|Any CPU
		{A235FEB1-3231-4450-8774-F8D87CFE6B59}.Release|x64.Build.0 = Release|Any CPU
		{A235FEB1-3231-4450-8774-F8D87CFE6B59}.Release|x86.ActiveCfg = Release|Any CPU
		{A235FEB1-3231-4450-8774-F8D87CFE6B59}.Release|x86.Build.0 = Release|Any CPU
		{76F49662-F11F-46A8-BDD5-374D55227EB2}.Debug|Any CPU.ActiveCfg = Debug|Any CPU
		{76F49662-F11F-46A8-BDD5-374D55227EB2}.Debug|Any CPU.Build.0 = Debug|Any CPU
		{76F49662-F11F-46A8-BDD5-374D55227EB2}.Debug|x64.ActiveCfg = Debug|Any CPU
		{76F49662-F11F-46A8-BDD5-374D55227EB2}.Debug|x64.Build.0 = Debug|Any CPU
		{76F49662-F11F-46A8-BDD5-374D55227EB2}.Debug|x86.ActiveCfg = Debug|Any CPU
		{76F49662-F11F-46A8-BDD5-374D55227EB2}.Debug|x86.Build.0 = Debug|Any CPU
		{76F49662-F11F-46A8-BDD5-374D55227EB2}.Release|Any CPU.ActiveCfg = Release|Any CPU
		{76F49662-F11F-46A8-BDD5-374D55227EB2}.Release|Any CPU.Build.0 = Release|Any CPU
		{76F49662-F11F-46A8-BDD5-374D55227EB2}.Release|x64.ActiveCfg = Release|Any CPU
		{76F49662-F11F-46A8-BDD5-374D55227EB2}.Release|x64.Build.0 = Release|Any CPU
		{76F49662-F11F-46A8-BDD5-374D55227EB2}.Release|x86.ActiveCfg = Release|Any CPU
		{76F49662-F11F-46A8-BDD5-374D55227EB2}.Release|x86.Build.0 = Release|Any CPU
	EndGlobalSection
	GlobalSection(SolutionProperties) = preSolution
		HideSolutionNode = FALSE
	EndGlobalSection
	GlobalSection(NestedProjects) = preSolution
		{984BB9B3-3FA3-BE33-9484-CAC21695A33C} = {827E0CD3-B72D-47B6-A68D-7590B98EB39B}
		{4FA090DA-084D-43F1-A1BB-A6A6BFAADF74} = {984BB9B3-3FA3-BE33-9484-CAC21695A33C}
		{A235FEB1-3231-4450-8774-F8D87CFE6B59} = {984BB9B3-3FA3-BE33-9484-CAC21695A33C}
		{76F49662-F11F-46A8-BDD5-374D55227EB2} = {984BB9B3-3FA3-BE33-9484-CAC21695A33C}
	EndGlobalSection
	GlobalSection(ExtensibilityGlobals) = postSolution
		SolutionGuid = {12345678-1234-5678-9012-123456789012}
	EndGlobalSection
EndGlobal
